// !$*UTF8*$!
{
	archiveVersion = 1;
	classes = {
	};
	objectVersion = 77;
	objects = {

/* Begin PBXFileReference section */
		ECB819EF2CE0FDDD00114D3C /* MNTrees */ = {isa = PBXFileReference; lastKnownFileType = wrapper; path = MNTrees; sourceTree = "<group>"; };
/* End PBXFileReference section */

/* Begin PBXGroup section */
		ECB819E82CDF91C900114D3C = {
			isa = PBXGroup;
			children = (
				ECB819EF2CE0FDDD00114D3C /* MNTrees */,
			);
			sourceTree = "<group>";
		};
/* End PBXGroup section */

/* Begin PBXProject section */
		ECB819E92CDF91C900114D3C /* Project object */ = {
			isa = PBXProject;
			attributes = {
				BuildIndependentTargetsInParallel = 1;
				LastUpgradeCheck = 1610;
			};
			buildConfigurationList = ECB819EC2CDF91C900114D3C /* Build configuration list for PBXProject "MNTrees" */;
			developmentRegion = en;
			hasScannedForEncodings = 0;
			knownRegions = (
				en,
				Base,
			);
			mainGroup = ECB819E82CDF91C900114D3C;
			minimizedProjectReferenceProxies = 1;
			preferredProjectObjectVersion = 77;
			projectDirPath = "";
			projectRoot = "";
			targets = (
			);
		};
/* End PBXProject section */

/* Begin XCBuildConfiguration section */
		ECB819ED2CDF91C900114D3C /* Debug */ = {
			isa = XCBuildConfiguration;
			buildSettings = {
			};
			name = Debug;
		};
		ECB819EE2CDF91C900114D3C /* Release */ = {
			isa = XCBuildConfiguration;
			buildSettings = {
			};
			name = Release;
		};
/* End XCBuildConfiguration section */

/* Begin XCConfigurationList section */
		ECB819EC2CDF91C900114D3C /* Build configuration list for PBXProject "MNTrees" */ = {
			isa = XCConfigurationList;
			buildConfigurations = (
				ECB819ED2CDF91C900114D3C /* Debug */,
				ECB819EE2CDF91C900114D3C /* Release */,
			);
			defaultConfigurationIsVisible = 0;
			defaultConfigurationName = Release;
		};
/* End XCConfigurationList section */
	};
	rootObject = ECB819E92CDF91C900114D3C /* Project object */;
}
